
Microsoft Visual Studio Solution File, Format Version 12.00
# Visual Studio Version 16
VisualStudioVersion = 16.0.810.19
MinimumVisualStudioVersion = 10.0.40219.1
Project("{FAE04EC0-301F-11D3-BF4B-00C04F79EFBC}") = "Bank", "Bank\Bank.csproj", "{07BC77FE-D083-4235-AFF6-9A08217997CF}"
EndProject
Project("{FAE04EC0-301F-11D3-BF4B-00C04F79EFBC}") = "BankTests", "BankTests\BankTests.csproj", "{679DBFC9-5AF6-4F33-9EB7-98A5BED73806}"
EndProject
Global
	GlobalSection(SolutionConfigurationPlatforms) = preSolution
		Debug|Any CPU = Debug|Any CPU
		Release|Any CPU = Release|Any CPU
	EndGlobalSection
	GlobalSection(ProjectConfigurationPlatforms) = postSolution
		{07BC77FE-D083-4235-AFF6-9A08217997CF}.Debug|Any CPU.ActiveCfg = Debug|Any CPU
		{07BC77FE-D083-4235-AFF6-9A08217997CF}.Debug|Any CPU.Build.0 = Debug|Any CPU
		{07BC77FE-D083-4235-AFF6-9A08217997CF}.Release|Any CPU.ActiveCfg = Release|Any CPU
		{07BC77FE-D083-4235-AFF6-9A08217997CF}.Release|Any CPU.Build.0 = Release|Any CPU
		{679DBFC9-5AF6-4F33-9EB7-98A5BED73806}.Debug|Any CPU.ActiveCfg = Debug|Any CPU
		{679DBFC9-5AF6-4F33-9EB7-98A5BED73806}.Debug|Any CPU.Build.0 = Debug|Any CPU
		{679DBFC9-5AF6-4F33-9EB7-98A5BED73806}.Release|Any CPU.ActiveCfg = Release|Any CPU
		{679DBFC9-5AF6-4F33-9EB7-98A5BED73806}.Release|Any CPU.Build.0 = Release|Any CPU
	EndGlobalSection
	GlobalSection(SolutionProperties) = preSolution
		HideSolutionNode = FALSE
	EndGlobalSection
	GlobalSection(ExtensibilityGlobals) = postSolution
		SolutionGuid = {48FF40D5-2685-4E59-8500-3E5F7F1047BE}
	EndGlobalSection
EndGlobal
